
Microsoft Visual Studio Solution File, Format Version 12.00
# Visual Studio 15
VisualStudioVersion = 15.0.28307.329
MinimumVisualStudioVersion = 10.0.40219.1
Project("{8BC9CEB8-8B4A-11D0-8D11-00A0C91BC942}") = "Tetris", "Tetris\Tetris.vcxproj", "{9C07D32C-037C-4798-8DBC-ACB7E402F461}"
EndProject
Global
	GlobalSection(SolutionConfigurationPlatforms) = preSolution
		Debug|x64 = Debug|x64
		Debug|x86 = Debug|x86
		Release|x64 = Release|x64
		Release|x86 = Release|x86
	EndGlobalSection
	GlobalSection(ProjectConfigurationPlatforms) = postSolution
		{9C07D32C-037C-4798-8DBC-ACB7E402F461}.Debug|x64.ActiveCfg = Debug|x64
		{9C07D32C-037C-4798-8DBC-ACB7E402F461}.Debug|x64.Build.0 = Debug|x64
		{9C07D32C-037C-4798-8DBC-ACB7E402F461}.Debug|x86.ActiveCfg = Debug|Win32
		{9C07D32C-037C-4798-8DBC-ACB7E402F461}.Debug|x86.Build.0 = Debug|Win32
		{9C07D32C-037C-4798-8DBC-ACB7E402F461}.Release|x64.ActiveCfg = Release|x64
		{9C07D32C-037C-4798-8DBC-ACB7E402F461}.Release|x64.Build.0 = Release|x64
		{9C07D32C-037C-4798-8DBC-ACB7E402F461}.Release|x86.ActiveCfg = Release|Win32
		{9C07D32C-037C-4798-8DBC-ACB7E402F461}.Release|x86.Build.0 = Release|Win32
	EndGlobalSection
	GlobalSection(SolutionProperties) = preSolution
		HideSolutionNode = FALSE
	EndGlobalSection
	GlobalSection(ExtensibilityGlobals) = postSolution
		SolutionGuid = {04CDB2DE-3DAB-4363-8ABA-A0FC4598C91D}
	EndGlobalSection
EndGlobal
